
Microsoft Visual Studio Solution File, Format Version 12.00
# Visual Studio 15
VisualStudioVersion = 15.0.28307.168
MinimumVisualStudioVersion = 10.0.40219.1
Project("{FAE04EC0-301F-11D3-BF4B-00C04F79EFBC}") = "C0727100", "C0727100\C0727100.csproj", "{2F987656-80BE-4219-9BA4-8C5FF79C671C}"
EndProject
Global
	GlobalSection(SolutionConfigurationPlatforms) = preSolution
		Debug|Any CPU = Debug|Any CPU
		Release|Any CPU = Release|Any CPU
	EndGlobalSection
	GlobalSection(ProjectConfigurationPlatforms) = postSolution
		{2F987656-80BE-4219-9BA4-8C5FF79C671C}.Debug|Any CPU.ActiveCfg = Debug|Any CPU
		{2F987656-80BE-4219-9BA4-8C5FF79C671C}.Debug|Any CPU.Build.0 = Debug|Any CPU
		{2F987656-80BE-4219-9BA4-8C5FF79C671C}.Release|Any CPU.ActiveCfg = Release|Any CPU
		{2F987656-80BE-4219-9BA4-8C5FF79C671C}.Release|Any CPU.Build.0 = Release|Any CPU
	EndGlobalSection
	GlobalSection(SolutionProperties) = preSolution
		HideSolutionNode = FALSE
	EndGlobalSection
	GlobalSection(ExtensibilityGlobals) = postSolution
		SolutionGuid = {6C246097-E643-4CA5-993B-339F05BB0429}
	EndGlobalSection
EndGlobal
