
Microsoft Visual Studio Solution File, Format Version 12.00
# Visual Studio 15
VisualStudioVersion = 15.0.28307.168
MinimumVisualStudioVersion = 10.0.40219.1
Project("{FAE04EC0-301F-11D3-BF4B-00C04F79EFBC}") = "c0727100", "c0727100\c0727100.csproj", "{29127686-4383-467F-8F41-35C95CBC7C27}"
EndProject
Global
	GlobalSection(SolutionConfigurationPlatforms) = preSolution
		Debug|Any CPU = Debug|Any CPU
		Release|Any CPU = Release|Any CPU
	EndGlobalSection
	GlobalSection(ProjectConfigurationPlatforms) = postSolution
		{29127686-4383-467F-8F41-35C95CBC7C27}.Debug|Any CPU.ActiveCfg = Debug|Any CPU
		{29127686-4383-467F-8F41-35C95CBC7C27}.Debug|Any CPU.Build.0 = Debug|Any CPU
		{29127686-4383-467F-8F41-35C95CBC7C27}.Release|Any CPU.ActiveCfg = Release|Any CPU
		{29127686-4383-467F-8F41-35C95CBC7C27}.Release|Any CPU.Build.0 = Release|Any CPU
	EndGlobalSection
	GlobalSection(SolutionProperties) = preSolution
		HideSolutionNode = FALSE
	EndGlobalSection
	GlobalSection(ExtensibilityGlobals) = postSolution
		SolutionGuid = {7A973AF1-F62E-43D2-9C36-DF36603E5E7F}
	EndGlobalSection
EndGlobal
