
Microsoft Visual Studio Solution File, Format Version 12.00
# Visual Studio 15
VisualStudioVersion = 15.0.28307.168
MinimumVisualStudioVersion = 10.0.40219.1
Project("{FAE04EC0-301F-11D3-BF4B-00C04F79EFBC}") = "c0727100", "c0727100\c0727100.csproj", "{89598289-1309-4245-B5A2-38C50020D7D0}"
EndProject
Global
	GlobalSection(SolutionConfigurationPlatforms) = preSolution
		Debug|Any CPU = Debug|Any CPU
		Release|Any CPU = Release|Any CPU
	EndGlobalSection
	GlobalSection(ProjectConfigurationPlatforms) = postSolution
		{89598289-1309-4245-B5A2-38C50020D7D0}.Debug|Any CPU.ActiveCfg = Debug|Any CPU
		{89598289-1309-4245-B5A2-38C50020D7D0}.Debug|Any CPU.Build.0 = Debug|Any CPU
		{89598289-1309-4245-B5A2-38C50020D7D0}.Release|Any CPU.ActiveCfg = Release|Any CPU
		{89598289-1309-4245-B5A2-38C50020D7D0}.Release|Any CPU.Build.0 = Release|Any CPU
	EndGlobalSection
	GlobalSection(SolutionProperties) = preSolution
		HideSolutionNode = FALSE
	EndGlobalSection
	GlobalSection(ExtensibilityGlobals) = postSolution
		SolutionGuid = {4941F4A4-13D5-469C-8FA7-0ECD7D06C425}
	EndGlobalSection
EndGlobal
